
Microsoft Visual Studio Solution File, Format Version 12.00
# Visual Studio Version 17
VisualStudioVersion = 17.0.31903.59
MinimumVisualStudioVersion = 10.0.40219.1
Project("{2150E333-8FDC-42A3-9474-1A3956D46DE8}") = "src", "src", "{827E0CD3-B72D-47B6-A68D-7590B98EB39B}"
EndProject
Project("{FAE04EC0-301F-11D3-BF4B-00C04F79EFBC}") = "Candour.Core", "src\Candour.Core\Candour.Core.csproj", "{100770CA-6D3E-48DD-8344-D0A9DFEADC9B}"
EndProject
Project("{FAE04EC0-301F-11D3-BF4B-00C04F79EFBC}") = "Candour.Application", "src\Candour.Application\Candour.Application.csproj", "{B79D741F-AB32-4842-BD23-027B40EDAAA3}"
EndProject
Project("{FAE04EC0-301F-11D3-BF4B-00C04F79EFBC}") = "Candour.Infrastructure", "src\Candour.Infrastructure\Candour.Infrastructure.csproj", "{6081EAF0-4746-4B23-B12C-E7F66901C335}"
EndProject
Project("{FAE04EC0-301F-11D3-BF4B-00C04F79EFBC}") = "Candour.Shared", "src\Candour.Shared\Candour.Shared.csproj", "{1816ECFA-203B-4F25-B671-3BE8E000F2E8}"
EndProject
Project("{FAE04EC0-301F-11D3-BF4B-00C04F79EFBC}") = "Candour.Api", "src\Candour.Api\Candour.Api.csproj", "{A4FE6820-CEF6-411A-83AD-0A1D7F4DF5A9}"
EndProject
Project("{FAE04EC0-301F-11D3-BF4B-00C04F79EFBC}") = "Candour.Web", "src\Candour.Web\Candour.Web.csproj", "{AE68249F-53DC-469C-8A2C-50C3132B90AB}"
EndProject
Project("{FAE04EC0-301F-11D3-BF4B-00C04F79EFBC}") = "Candour.Core.Tests", "tests\Candour.Core.Tests\Candour.Core.Tests.csproj", "{AEEC22C3-078D-4C0A-82C6-293758A5BBD8}"
EndProject
Project("{FAE04EC0-301F-11D3-BF4B-00C04F79EFBC}") = "Candour.Application.Tests", "tests\Candour.Application.Tests\Candour.Application.Tests.csproj", "{ED862AA8-06DB-4B6B-BDE6-FA83609E8CCB}"
EndProject
Project("{FAE04EC0-301F-11D3-BF4B-00C04F79EFBC}") = "Candour.Infrastructure.Tests", "tests\Candour.Infrastructure.Tests\Candour.Infrastructure.Tests.csproj", "{54BFFDD6-2400-4266-A84C-7BA00C3AD017}"
EndProject
Project("{FAE04EC0-301F-11D3-BF4B-00C04F79EFBC}") = "Candour.Api.Tests", "tests\Candour.Api.Tests\Candour.Api.Tests.csproj", "{3A9B55BD-054E-418E-8551-21F27E253614}"
EndProject
Project("{FAE04EC0-301F-11D3-BF4B-00C04F79EFBC}") = "Candour.Anonymity.Tests", "tests\Candour.Anonymity.Tests\Candour.Anonymity.Tests.csproj", "{2D5E57D3-F093-48CA-AD17-5BF2BAF2C03C}"
EndProject
Global
	GlobalSection(SolutionConfigurationPlatforms) = preSolution
		Debug|Any CPU = Debug|Any CPU
		Debug|x64 = Debug|x64
		Debug|x86 = Debug|x86
		Release|Any CPU = Release|Any CPU
		Release|x64 = Release|x64
		Release|x86 = Release|x86
	EndGlobalSection
	GlobalSection(ProjectConfigurationPlatforms) = postSolution
		{100770CA-6D3E-48DD-8344-D0A9DFEADC9B}.Debug|Any CPU.ActiveCfg = Debug|Any CPU
		{100770CA-6D3E-48DD-8344-D0A9DFEADC9B}.Debug|Any CPU.Build.0 = Debug|Any CPU
		{100770CA-6D3E-48DD-8344-D0A9DFEADC9B}.Debug|x64.ActiveCfg = Debug|Any CPU
		{100770CA-6D3E-48DD-8344-D0A9DFEADC9B}.Debug|x64.Build.0 = Debug|Any CPU
		{100770CA-6D3E-48DD-8344-D0A9DFEADC9B}.Debug|x86.ActiveCfg = Debug|Any CPU
		{100770CA-6D3E-48DD-8344-D0A9DFEADC9B}.Debug|x86.Build.0 = Debug|Any CPU
		{100770CA-6D3E-48DD-8344-D0A9DFEADC9B}.Release|Any CPU.ActiveCfg = Release|Any CPU
		{100770CA-6D3E-48DD-8344-D0A9DFEADC9B}.Release|Any CPU.Build.0 = Release|Any CPU
		{100770CA-6D3E-48DD-8344-D0A9DFEADC9B}.Release|x64.ActiveCfg = Release|Any CPU
		{100770CA-6D3E-48DD-8344-D0A9DFEADC9B}.Release|x64.Build.0 = Release|Any CPU
		{100770CA-6D3E-48DD-8344-D0A9DFEADC9B}.Release|x86.ActiveCfg = Release|Any CPU
		{100770CA-6D3E-48DD-8344-D0A9DFEADC9B}.Release|x86.Build.0 = Release|Any CPU
		{B79D741F-AB32-4842-BD23-027B40EDAAA3}.Debug|Any CPU.ActiveCfg = Debug|Any CPU
		{B79D741F-AB32-4842-BD23-027B40EDAAA3}.Debug|Any CPU.Build.0 = Debug|Any CPU
		{B79D741F-AB32-4842-BD23-027B40EDAAA3}.Debug|x64.ActiveCfg = Debug|Any CPU
		{B79D741F-AB32-4842-BD23-027B40EDAAA3}.Debug|x64.Build.0 = Debug|Any CPU
		{B79D741F-AB32-4842-BD23-027B40EDAAA3}.Debug|x86.ActiveCfg = Debug|Any CPU
		{B79D741F-AB32-4842-BD23-027B40EDAAA3}.Debug|x86.Build.0 = Debug|Any CPU
		{B79D741F-AB32-4842-BD23-027B40EDAAA3}.Release|Any CPU.ActiveCfg = Release|Any CPU
		{B79D741F-AB32-4842-BD23-027B40EDAAA3}.Release|Any CPU.Build.0 = Release|Any CPU
		{B79D741F-AB32-4842-BD23-027B40EDAAA3}.Release|x64.ActiveCfg = Release|Any CPU
		{B79D741F-AB32-4842-BD23-027B40EDAAA3}.Release|x64.Build.0 = Release|Any CPU
		{B79D741F-AB32-4842-BD23-027B40EDAAA3}.Release|x86.ActiveCfg = Release|Any CPU
		{B79D741F-AB32-4842-BD23-027B40EDAAA3}.Release|x86.Build.0 = Release|Any CPU
		{6081EAF0-4746-4B23-B12C-E7F66901C335}.Debug|Any CPU.ActiveCfg = Debug|Any CPU
		{6081EAF0-4746-4B23-B12C-E7F66901C335}.Debug|Any CPU.Build.0 = Debug|Any CPU
		{6081EAF0-4746-4B23-B12C-E7F66901C335}.Debug|x64.ActiveCfg = Debug|Any CPU
		{6081EAF0-4746-4B23-B12C-E7F66901C335}.Debug|x64.Build.0 = Debug|Any CPU
		{6081EAF0-4746-4B23-B12C-E7F66901C335}.Debug|x86.ActiveCfg = Debug|Any CPU
		{6081EAF0-4746-4B23-B12C-E7F66901C335}.Debug|x86.Build.0 = Debug|Any CPU
		{6081EAF0-4746-4B23-B12C-E7F66901C335}.Release|Any CPU.ActiveCfg = Release|Any CPU
		{6081EAF0-4746-4B23-B12C-E7F66901C335}.Release|Any CPU.Build.0 = Release|Any CPU
		{6081EAF0-4746-4B23-B12C-E7F66901C335}.Release|x64.ActiveCfg = Release|Any CPU
		{6081EAF0-4746-4B23-B12C-E7F66901C335}.Release|x64.Build.0 = Release|Any CPU
		{6081EAF0-4746-4B23-B12C-E7F66901C335}.Release|x86.ActiveCfg = Release|Any CPU
		{6081EAF0-4746-4B23-B12C-E7F66901C335}.Release|x86.Build.0 = Release|Any CPU
		{1816ECFA-203B-4F25-B671-3BE8E000F2E8}.Debug|Any CPU.ActiveCfg = Debug|Any CPU
		{1816ECFA-203B-4F25-B671-3BE8E000F2E8}.Debug|Any CPU.Build.0 = Debug|Any CPU
		{1816ECFA-203B-4F25-B671-3BE8E000F2E8}.Debug|x64.ActiveCfg = Debug|Any CPU
		{1816ECFA-203B-4F25-B671-3BE8E000F2E8}.Debug|x64.Build.0 = Debug|Any CPU
		{1816ECFA-203B-4F25-B671-3BE8E000F2E8}.Debug|x86.ActiveCfg = Debug|Any CPU
		{1816ECFA-203B-4F25-B671-3BE8E000F2E8}.Debug|x86.Build.0 = Debug|Any CPU
		{1816ECFA-203B-4F25-B671-3BE8E000F2E8}.Release|Any CPU.ActiveCfg = Release|Any CPU
		{1816ECFA-203B-4F25-B671-3BE8E000F2E8}.Release|Any CPU.Build.0 = Release|Any CPU
		{1816ECFA-203B-4F25-B671-3BE8E000F2E8}.Release|x64.ActiveCfg = Release|Any CPU
		{1816ECFA-203B-4F25-B671-3BE8E000F2E8}.Release|x64.Build.0 = Release|Any CPU
		{1816ECFA-203B-4F25-B671-3BE8E000F2E8}.Release|x86.ActiveCfg = Release|Any CPU
		{1816ECFA-203B-4F25-B671-3BE8E000F2E8}.Release|x86.Build.0 = Release|Any CPU
		{A4FE6820-CEF6-411A-83AD-0A1D7F4DF5A9}.Debug|Any CPU.ActiveCfg = Debug|Any CPU
		{A4FE6820-CEF6-411A-83AD-0A1D7F4DF5A9}.Debug|Any CPU.Build.0 = Debug|Any CPU
		{A4FE6820-CEF6-411A-83AD-0A1D7F4DF5A9}.Debug|x64.ActiveCfg = Debug|Any CPU
		{A4FE6820-CEF6-411A-83AD-0A1D7F4DF5A9}.Debug|x64.Build.0 = Debug|Any CPU
		{A4FE6820-CEF6-411A-83AD-0A1D7F4DF5A9}.Debug|x86.ActiveCfg = Debug|Any CPU
		{A4FE6820-CEF6-411A-83AD-0A1D7F4DF5A9}.Debug|x86.Build.0 = Debug|Any CPU
		{A4FE6820-CEF6-411A-83AD-0A1D7F4DF5A9}.Release|Any CPU.ActiveCfg = Release|Any CPU
		{A4FE6820-CEF6-411A-83AD-0A1D7F4DF5A9}.Release|Any CPU.Build.0 = Release|Any CPU
		{A4FE6820-CEF6-411A-83AD-0A1D7F4DF5A9}.Release|x64.ActiveCfg = Release|Any CPU
		{A4FE6820-CEF6-411A-83AD-0A1D7F4DF5A9}.Release|x64.Build.0 = Release|Any CPU
		{A4FE6820-CEF6-411A-83AD-0A1D7F4DF5A9}.Release|x86.ActiveCfg = Release|Any CPU
		{A4FE6820-CEF6-411A-83AD-0A1D7F4DF5A9}.Release|x86.Build.0 = Release|Any CPU
		{AE68249F-53DC-469C-8A2C-50C3132B90AB}.Debug|Any CPU.ActiveCfg = Debug|Any CPU
		{AE68249F-53DC-469C-8A2C-50C3132B90AB}.Debug|Any CPU.Build.0 = Debug|Any CPU
		{AE68249F-53DC-469C-8A2C-50C3132B90AB}.Debug|x64.ActiveCfg = Debug|Any CPU
		{AE68249F-53DC-469C-8A2C-50C3132B90AB}.Debug|x64.Build.0 = Debug|Any CPU
		{AE68249F-53DC-469C-8A2C-50C3132B90AB}.Debug|x86.ActiveCfg = Debug|Any CPU
		{AE68249F-53DC-469C-8A2C-50C3132B90AB}.Debug|x86.Build.0 = Debug|Any CPU
		{AE68249F-53DC-469C-8A2C-50C3132B90AB}.Release|Any CPU.ActiveCfg = Release|Any CPU
		{AE68249F-53DC-469C-8A2C-50C3132B90AB}.Release|Any CPU.Build.0 = Release|Any CPU
		{AE68249F-53DC-469C-8A2C-50C3132B90AB}.Release|x64.ActiveCfg = Release|Any CPU
		{AE68249F-53DC-469C-8A2C-50C3132B90AB}.Release|x64.Build.0 = Release|Any CPU
		{AE68249F-53DC-469C-8A2C-50C3132B90AB}.Release|x86.ActiveCfg = Release|Any CPU
		{AE68249F-53DC-469C-8A2C-50C3132B90AB}.Release|x86.Build.0 = Release|Any CPU
		{AEEC22C3-078D-4C0A-82C6-293758A5BBD8}.Debug|Any CPU.ActiveCfg = Debug|Any CPU
		{AEEC22C3-078D-4C0A-82C6-293758A5BBD8}.Debug|Any CPU.Build.0 = Debug|Any CPU
		{AEEC22C3-078D-4C0A-82C6-293758A5BBD8}.Debug|x64.ActiveCfg = Debug|Any CPU
		{AEEC22C3-078D-4C0A-82C6-293758A5BBD8}.Debug|x64.Build.0 = Debug|Any CPU
		{AEEC22C3-078D-4C0A-82C6-293758A5BBD8}.Debug|x86.ActiveCfg = Debug|Any CPU
		{AEEC22C3-078D-4C0A-82C6-293758A5BBD8}.Debug|x86.Build.0 = Debug|Any CPU
		{AEEC22C3-078D-4C0A-82C6-293758A5BBD8}.Release|Any CPU.ActiveCfg = Release|Any CPU
		{AEEC22C3-078D-4C0A-82C6-293758A5BBD8}.Release|Any CPU.Build.0 = Release|Any CPU
		{AEEC22C3-078D-4C0A-82C6-293758A5BBD8}.Release|x64.ActiveCfg = Release|Any CPU
		{AEEC22C3-078D-4C0A-82C6-293758A5BBD8}.Release|x64.Build.0 = Release|Any CPU
		{AEEC22C3-078D-4C0A-82C6-293758A5BBD8}.Release|x86.ActiveCfg = Release|Any CPU
		{AEEC22C3-078D-4C0A-82C6-293758A5BBD8}.Release|x86.Build.0 = Release|Any CPU
		{ED862AA8-06DB-4B6B-BDE6-FA83609E8CCB}.Debug|Any CPU.ActiveCfg = Debug|Any CPU
		{ED862AA8-06DB-4B6B-BDE6-FA83609E8CCB}.Debug|Any CPU.Build.0 = Debug|Any CPU
		{ED862AA8-06DB-4B6B-BDE6-FA83609E8CCB}.Debug|x64.ActiveCfg = Debug|Any CPU
		{ED862AA8-06DB-4B6B-BDE6-FA83609E8CCB}.Debug|x64.Build.0 = Debug|Any CPU
		{ED862AA8-06DB-4B6B-BDE6-FA83609E8CCB}.Debug|x86.ActiveCfg = Debug|Any CPU
		{ED862AA8-06DB-4B6B-BDE6-FA83609E8CCB}.Debug|x86.Build.0 = Debug|Any CPU
		{ED862AA8-06DB-4B6B-BDE6-FA83609E8CCB}.Release|Any CPU.ActiveCfg = Release|Any CPU
		{ED862AA8-06DB-4B6B-BDE6-FA83609E8CCB}.Release|Any CPU.Build.0 = Release|Any CPU
		{ED862AA8-06DB-4B6B-BDE6-FA83609E8CCB}.Release|x64.ActiveCfg = Release|Any CPU
		{ED862AA8-06DB-4B6B-BDE6-FA83609E8CCB}.Release|x64.Build.0 = Release|Any CPU
		{ED862AA8-06DB-4B6B-BDE6-FA83609E8CCB}.Release|x86.ActiveCfg = Release|Any CPU
		{ED862AA8-06DB-4B6B-BDE6-FA83609E8CCB}.Release|x86.Build.0 = Release|Any CPU
		{54BFFDD6-2400-4266-A84C-7BA00C3AD017}.Debug|Any CPU.ActiveCfg = Debug|Any CPU
		{54BFFDD6-2400-4266-A84C-7BA00C3AD017}.Debug|Any CPU.Build.0 = Debug|Any CPU
		{54BFFDD6-2400-4266-A84C-7BA00C3AD017}.Debug|x64.ActiveCfg = Debug|Any CPU
		{54BFFDD6-2400-4266-A84C-7BA00C3AD017}.Debug|x64.Build.0 = Debug|Any CPU
		{54BFFDD6-2400-4266-A84C-7BA00C3AD017}.Debug|x86.ActiveCfg = Debug|Any CPU
		{54BFFDD6-2400-4266-A84C-7BA00C3AD017}.Debug|x86.Build.0 = Debug|Any CPU
		{54BFFDD6-2400-4266-A84C-7BA00C3AD017}.Release|Any CPU.ActiveCfg = Release|Any CPU
		{54BFFDD6-2400-4266-A84C-7BA00C3AD017}.Release|Any CPU.Build.0 = Release|Any CPU
		{54BFFDD6-2400-4266-A84C-7BA00C3AD017}.Release|x64.ActiveCfg = Release|Any CPU
		{54BFFDD6-2400-4266-A84C-7BA00C3AD017}.Release|x64.Build.0 = Release|Any CPU
		{54BFFDD6-2400-4266-A84C-7BA00C3AD017}.Release|x86.ActiveCfg = Release|Any CPU
		{54BFFDD6-2400-4266-A84C-7BA00C3AD017}.Release|x86.Build.0 = Release|Any CPU
		{3A9B55BD-054E-418E-8551-21F27E253614}.Debug|Any CPU.ActiveCfg = Debug|Any CPU
		{3A9B55BD-054E-418E-8551-21F27E253614}.Debug|Any CPU.Build.0 = Debug|Any CPU
		{3A9B55BD-054E-418E-8551-21F27E253614}.Debug|x64.ActiveCfg = Debug|Any CPU
		{3A9B55BD-054E-418E-8551-21F27E253614}.Debug|x64.Build.0 = Debug|Any CPU
		{3A9B55BD-054E-418E-8551-21F27E253614}.Debug|x86.ActiveCfg = Debug|Any CPU
		{3A9B55BD-054E-418E-8551-21F27E253614}.Debug|x86.Build.0 = Debug|Any CPU
		{3A9B55BD-054E-418E-8551-21F27E253614}.Release|Any CPU.ActiveCfg = Release|Any CPU
		{3A9B55BD-054E-418E-8551-21F27E253614}.Release|Any CPU.Build.0 = Release|Any CPU
		{3A9B55BD-054E-418E-8551-21F27E253614}.Release|x64.ActiveCfg = Release|Any CPU
		{3A9B55BD-054E-418E-8551-21F27E253614}.Release|x64.Build.0 = Release|Any CPU
		{3A9B55BD-054E-418E-8551-21F27E253614}.Release|x86.ActiveCfg = Release|Any CPU
		{3A9B55BD-054E-418E-8551-21F27E253614}.Release|x86.Build.0 = Release|Any CPU
		{2D5E57D3-F093-48CA-AD17-5BF2BAF2C03C}.Debug|Any CPU.ActiveCfg = Debug|Any CPU
		{2D5E57D3-F093-48CA-AD17-5BF2BAF2C03C}.Debug|Any CPU.Build.0 = Debug|Any CPU
		{2D5E57D3-F093-48CA-AD17-5BF2BAF2C03C}.Debug|x64.ActiveCfg = Debug|Any CPU
		{2D5E57D3-F093-48CA-AD17-5BF2BAF2C03C}.Debug|x64.Build.0 = Debug|Any CPU
		{2D5E57D3-F093-48CA-AD17-5BF2BAF2C03C}.Debug|x86.ActiveCfg = Debug|Any CPU
		{2D5E57D3-F093-48CA-AD17-5BF2BAF2C03C}.Debug|x86.Build.0 = Debug|Any CPU
		{2D5E57D3-F093-48CA-AD17-5BF2BAF2C03C}.Release|Any CPU.ActiveCfg = Release|Any CPU
		{2D5E57D3-F093-48CA-AD17-5BF2BAF2C03C}.Release|Any CPU.Build.0 = Release|Any CPU
		{2D5E57D3-F093-48CA-AD17-5BF2BAF2C03C}.Release|x64.ActiveCfg = Release|Any CPU
		{2D5E57D3-F093-48CA-AD17-5BF2BAF2C03C}.Release|x64.Build.0 = Release|Any CPU
		{2D5E57D3-F093-48CA-AD17-5BF2BAF2C03C}.Release|x86.ActiveCfg = Release|Any CPU
		{2D5E57D3-F093-48CA-AD17-5BF2BAF2C03C}.Release|x86.Build.0 = Release|Any CPU
	EndGlobalSection
	GlobalSection(SolutionProperties) = preSolution
		HideSolutionNode = FALSE
	EndGlobalSection
	GlobalSection(NestedProjects) = preSolution
		{100770CA-6D3E-48DD-8344-D0A9DFEADC9B} = {827E0CD3-B72D-47B6-A68D-7590B98EB39B}
		{B79D741F-AB32-4842-BD23-027B40EDAAA3} = {827E0CD3-B72D-47B6-A68D-7590B98EB39B}
		{6081EAF0-4746-4B23-B12C-E7F66901C335} = {827E0CD3-B72D-47B6-A68D-7590B98EB39B}
		{1816ECFA-203B-4F25-B671-3BE8E000F2E8} = {827E0CD3-B72D-47B6-A68D-7590B98EB39B}
		{A4FE6820-CEF6-411A-83AD-0A1D7F4DF5A9} = {827E0CD3-B72D-47B6-A68D-7590B98EB39B}
		{AE68249F-53DC-469C-8A2C-50C3132B90AB} = {827E0CD3-B72D-47B6-A68D-7590B98EB39B}
		{AEEC22C3-078D-4C0A-82C6-293758A5BBD8} = {827E0CD3-B72D-47B6-A68D-7590B98EB39B}
		{ED862AA8-06DB-4B6B-BDE6-FA83609E8CCB} = {827E0CD3-B72D-47B6-A68D-7590B98EB39B}
		{54BFFDD6-2400-4266-A84C-7BA00C3AD017} = {827E0CD3-B72D-47B6-A68D-7590B98EB39B}
		{3A9B55BD-054E-418E-8551-21F27E253614} = {827E0CD3-B72D-47B6-A68D-7590B98EB39B}
		{2D5E57D3-F093-48CA-AD17-5BF2BAF2C03C} = {827E0CD3-B72D-47B6-A68D-7590B98EB39B}
	EndGlobalSection
EndGlobal
